
Microsoft Visual Studio Solution File, Format Version 12.00
# Visual Studio 2013
VisualStudioVersion = 12.0.30501.0
MinimumVisualStudioVersion = 10.0.40219.1
Project("{FAE04EC0-301F-11D3-BF4B-00C04F79EFBC}") = "MVC", "WebWarehouse\MVC.csproj", "{C7E41ACF-0003-44E7-8559-EA9EEC838C6A}"
EndProject
Project("{FAE04EC0-301F-11D3-BF4B-00C04F79EFBC}") = "DAL", "DAL\DAL.csproj", "{A67D7BF8-6602-462E-808E-BE9E4AEA7A31}"
EndProject
Project("{FAE04EC0-301F-11D3-BF4B-00C04F79EFBC}") = "BLL", "BLL\BLL.csproj", "{0C94B14F-7DD4-4A12-8C97-EFDD3FD4705F}"
EndProject
Project("{FAE04EC0-301F-11D3-BF4B-00C04F79EFBC}") = "Model", "Model\Model.csproj", "{5BD8B821-9BCE-4735-9AAB-4D17D3E98D83}"
EndProject
Global
	GlobalSection(SolutionConfigurationPlatforms) = preSolution
		Debug|Any CPU = Debug|Any CPU
		Release|Any CPU = Release|Any CPU
	EndGlobalSection
	GlobalSection(ProjectConfigurationPlatforms) = postSolution
		{C7E41ACF-0003-44E7-8559-EA9EEC838C6A}.Debug|Any CPU.ActiveCfg = Debug|Any CPU
		{C7E41ACF-0003-44E7-8559-EA9EEC838C6A}.Debug|Any CPU.Build.0 = Debug|Any CPU
		{C7E41ACF-0003-44E7-8559-EA9EEC838C6A}.Release|Any CPU.ActiveCfg = Release|Any CPU
		{C7E41ACF-0003-44E7-8559-EA9EEC838C6A}.Release|Any CPU.Build.0 = Release|Any CPU
		{A67D7BF8-6602-462E-808E-BE9E4AEA7A31}.Debug|Any CPU.ActiveCfg = Debug|Any CPU
		{A67D7BF8-6602-462E-808E-BE9E4AEA7A31}.Debug|Any CPU.Build.0 = Debug|Any CPU
		{A67D7BF8-6602-462E-808E-BE9E4AEA7A31}.Release|Any CPU.ActiveCfg = Release|Any CPU
		{A67D7BF8-6602-462E-808E-BE9E4AEA7A31}.Release|Any CPU.Build.0 = Release|Any CPU
		{0C94B14F-7DD4-4A12-8C97-EFDD3FD4705F}.Debug|Any CPU.ActiveCfg = Debug|Any CPU
		{0C94B14F-7DD4-4A12-8C97-EFDD3FD4705F}.Debug|Any CPU.Build.0 = Debug|Any CPU
		{0C94B14F-7DD4-4A12-8C97-EFDD3FD4705F}.Release|Any CPU.ActiveCfg = Release|Any CPU
		{0C94B14F-7DD4-4A12-8C97-EFDD3FD4705F}.Release|Any CPU.Build.0 = Release|Any CPU
		{5BD8B821-9BCE-4735-9AAB-4D17D3E98D83}.Debug|Any CPU.ActiveCfg = Debug|Any CPU
		{5BD8B821-9BCE-4735-9AAB-4D17D3E98D83}.Debug|Any CPU.Build.0 = Debug|Any CPU
		{5BD8B821-9BCE-4735-9AAB-4D17D3E98D83}.Release|Any CPU.ActiveCfg = Release|Any CPU
		{5BD8B821-9BCE-4735-9AAB-4D17D3E98D83}.Release|Any CPU.Build.0 = Release|Any CPU
	EndGlobalSection
	GlobalSection(SolutionProperties) = preSolution
		HideSolutionNode = FALSE
	EndGlobalSection
EndGlobal
